
Microsoft Visual Studio Solution File, Format Version 12.00
# Visual Studio Version 17
VisualStudioVersion = 17.12.35707.178
MinimumVisualStudioVersion = 10.0.40219.1
Project("{FAE04EC0-301F-11D3-BF4B-00C04F79EFBC}") = "Cats", "Cats\Cats.csproj", "{82E4233C-7EA5-4C0F-BFE7-4B325BFCDC68}"
EndProject
Project("{FAE04EC0-301F-11D3-BF4B-00C04F79EFBC}") = "Application", "Application\Application.csproj", "{394C35EC-FFE7-466B-958F-F8E8FB566523}"
EndProject
Project("{FAE04EC0-301F-11D3-BF4B-00C04F79EFBC}") = "Persistence", "Persistence\Persistence.csproj", "{19CB27A5-E10E-4979-89BC-B6E8D20003BF}"
EndProject
Project("{FAE04EC0-301F-11D3-BF4B-00C04F79EFBC}") = "Domain", "Domain\Domain.csproj", "{9BD8ED16-0F10-4FA8-B304-4F5B2840A548}"
EndProject
Project("{FAE04EC0-301F-11D3-BF4B-00C04F79EFBC}") = "Infrastructure", "Repositories\Infrastructure.csproj", "{8E9A95DA-DE0E-4149-B7EF-C4264D1C3586}"
EndProject
Project("{FAE04EC0-301F-11D3-BF4B-00C04F79EFBC}") = "Contracts", "Contracts\Contracts.csproj", "{F5A2588A-FD5E-4ADE-B20F-DDFB8E1CA1C4}"
EndProject
Project("{FAE04EC0-301F-11D3-BF4B-00C04F79EFBC}") = "Cats.Tests", "Cats.Tests\Cats.Tests.csproj", "{EE96E69B-6201-48C9-A904-1CBB8075ADF1}"
EndProject
Global
	GlobalSection(SolutionConfigurationPlatforms) = preSolution
		Debug|Any CPU = Debug|Any CPU
		Debug|x64 = Debug|x64
		Debug|x86 = Debug|x86
		Release|Any CPU = Release|Any CPU
		Release|x64 = Release|x64
		Release|x86 = Release|x86
	EndGlobalSection
	GlobalSection(ProjectConfigurationPlatforms) = postSolution
		{82E4233C-7EA5-4C0F-BFE7-4B325BFCDC68}.Debug|Any CPU.ActiveCfg = Debug|Any CPU
		{82E4233C-7EA5-4C0F-BFE7-4B325BFCDC68}.Debug|Any CPU.Build.0 = Debug|Any CPU
		{82E4233C-7EA5-4C0F-BFE7-4B325BFCDC68}.Debug|x64.ActiveCfg = Debug|Any CPU
		{82E4233C-7EA5-4C0F-BFE7-4B325BFCDC68}.Debug|x64.Build.0 = Debug|Any CPU
		{82E4233C-7EA5-4C0F-BFE7-4B325BFCDC68}.Debug|x86.ActiveCfg = Debug|Any CPU
		{82E4233C-7EA5-4C0F-BFE7-4B325BFCDC68}.Debug|x86.Build.0 = Debug|Any CPU
		{82E4233C-7EA5-4C0F-BFE7-4B325BFCDC68}.Release|Any CPU.ActiveCfg = Release|Any CPU
		{82E4233C-7EA5-4C0F-BFE7-4B325BFCDC68}.Release|Any CPU.Build.0 = Release|Any CPU
		{82E4233C-7EA5-4C0F-BFE7-4B325BFCDC68}.Release|x64.ActiveCfg = Release|Any CPU
		{82E4233C-7EA5-4C0F-BFE7-4B325BFCDC68}.Release|x64.Build.0 = Release|Any CPU
		{82E4233C-7EA5-4C0F-BFE7-4B325BFCDC68}.Release|x86.ActiveCfg = Release|Any CPU
		{82E4233C-7EA5-4C0F-BFE7-4B325BFCDC68}.Release|x86.Build.0 = Release|Any CPU
		{394C35EC-FFE7-466B-958F-F8E8FB566523}.Debug|Any CPU.ActiveCfg = Debug|Any CPU
		{394C35EC-FFE7-466B-958F-F8E8FB566523}.Debug|Any CPU.Build.0 = Debug|Any CPU
		{394C35EC-FFE7-466B-958F-F8E8FB566523}.Debug|x64.ActiveCfg = Debug|Any CPU
		{394C35EC-FFE7-466B-958F-F8E8FB566523}.Debug|x64.Build.0 = Debug|Any CPU
		{394C35EC-FFE7-466B-958F-F8E8FB566523}.Debug|x86.ActiveCfg = Debug|Any CPU
		{394C35EC-FFE7-466B-958F-F8E8FB566523}.Debug|x86.Build.0 = Debug|Any CPU
		{394C35EC-FFE7-466B-958F-F8E8FB566523}.Release|Any CPU.ActiveCfg = Release|Any CPU
		{394C35EC-FFE7-466B-958F-F8E8FB566523}.Release|Any CPU.Build.0 = Release|Any CPU
		{394C35EC-FFE7-466B-958F-F8E8FB566523}.Release|x64.ActiveCfg = Release|Any CPU
		{394C35EC-FFE7-466B-958F-F8E8FB566523}.Release|x64.Build.0 = Release|Any CPU
		{394C35EC-FFE7-466B-958F-F8E8FB566523}.Release|x86.ActiveCfg = Release|Any CPU
		{394C35EC-FFE7-466B-958F-F8E8FB566523}.Release|x86.Build.0 = Release|Any CPU
		{19CB27A5-E10E-4979-89BC-B6E8D20003BF}.Debug|Any CPU.ActiveCfg = Debug|Any CPU
		{19CB27A5-E10E-4979-89BC-B6E8D20003BF}.Debug|Any CPU.Build.0 = Debug|Any CPU
		{19CB27A5-E10E-4979-89BC-B6E8D20003BF}.Debug|x64.ActiveCfg = Debug|Any CPU
		{19CB27A5-E10E-4979-89BC-B6E8D20003BF}.Debug|x64.Build.0 = Debug|Any CPU
		{19CB27A5-E10E-4979-89BC-B6E8D20003BF}.Debug|x86.ActiveCfg = Debug|Any CPU
		{19CB27A5-E10E-4979-89BC-B6E8D20003BF}.Debug|x86.Build.0 = Debug|Any CPU
		{19CB27A5-E10E-4979-89BC-B6E8D20003BF}.Release|Any CPU.ActiveCfg = Release|Any CPU
		{19CB27A5-E10E-4979-89BC-B6E8D20003BF}.Release|Any CPU.Build.0 = Release|Any CPU
		{19CB27A5-E10E-4979-89BC-B6E8D20003BF}.Release|x64.ActiveCfg = Release|Any CPU
		{19CB27A5-E10E-4979-89BC-B6E8D20003BF}.Release|x64.Build.0 = Release|Any CPU
		{19CB27A5-E10E-4979-89BC-B6E8D20003BF}.Release|x86.ActiveCfg = Release|Any CPU
		{19CB27A5-E10E-4979-89BC-B6E8D20003BF}.Release|x86.Build.0 = Release|Any CPU
		{9BD8ED16-0F10-4FA8-B304-4F5B2840A548}.Debug|Any CPU.ActiveCfg = Debug|Any CPU
		{9BD8ED16-0F10-4FA8-B304-4F5B2840A548}.Debug|Any CPU.Build.0 = Debug|Any CPU
		{9BD8ED16-0F10-4FA8-B304-4F5B2840A548}.Debug|x64.ActiveCfg = Debug|Any CPU
		{9BD8ED16-0F10-4FA8-B304-4F5B2840A548}.Debug|x64.Build.0 = Debug|Any CPU
		{9BD8ED16-0F10-4FA8-B304-4F5B2840A548}.Debug|x86.ActiveCfg = Debug|Any CPU
		{9BD8ED16-0F10-4FA8-B304-4F5B2840A548}.Debug|x86.Build.0 = Debug|Any CPU
		{9BD8ED16-0F10-4FA8-B304-4F5B2840A548}.Release|Any CPU.ActiveCfg = Release|Any CPU
		{9BD8ED16-0F10-4FA8-B304-4F5B2840A548}.Release|Any CPU.Build.0 = Release|Any CPU
		{9BD8ED16-0F10-4FA8-B304-4F5B2840A548}.Release|x64.ActiveCfg = Release|Any CPU
		{9BD8ED16-0F10-4FA8-B304-4F5B2840A548}.Release|x64.Build.0 = Release|Any CPU
		{9BD8ED16-0F10-4FA8-B304-4F5B2840A548}.Release|x86.ActiveCfg = Release|Any CPU
		{9BD8ED16-0F10-4FA8-B304-4F5B2840A548}.Release|x86.Build.0 = Release|Any CPU
		{8E9A95DA-DE0E-4149-B7EF-C4264D1C3586}.Debug|Any CPU.ActiveCfg = Debug|Any CPU
		{8E9A95DA-DE0E-4149-B7EF-C4264D1C3586}.Debug|Any CPU.Build.0 = Debug|Any CPU
		{8E9A95DA-DE0E-4149-B7EF-C4264D1C3586}.Debug|x64.ActiveCfg = Debug|Any CPU
		{8E9A95DA-DE0E-4149-B7EF-C4264D1C3586}.Debug|x64.Build.0 = Debug|Any CPU
		{8E9A95DA-DE0E-4149-B7EF-C4264D1C3586}.Debug|x86.ActiveCfg = Debug|Any CPU
		{8E9A95DA-DE0E-4149-B7EF-C4264D1C3586}.Debug|x86.Build.0 = Debug|Any CPU
		{8E9A95DA-DE0E-4149-B7EF-C4264D1C3586}.Release|Any CPU.ActiveCfg = Release|Any CPU
		{8E9A95DA-DE0E-4149-B7EF-C4264D1C3586}.Release|Any CPU.Build.0 = Release|Any CPU
		{8E9A95DA-DE0E-4149-B7EF-C4264D1C3586}.Release|x64.ActiveCfg = Release|Any CPU
		{8E9A95DA-DE0E-4149-B7EF-C4264D1C3586}.Release|x64.Build.0 = Release|Any CPU
		{8E9A95DA-DE0E-4149-B7EF-C4264D1C3586}.Release|x86.ActiveCfg = Release|Any CPU
		{8E9A95DA-DE0E-4149-B7EF-C4264D1C3586}.Release|x86.Build.0 = Release|Any CPU
		{F5A2588A-FD5E-4ADE-B20F-DDFB8E1CA1C4}.Debug|Any CPU.ActiveCfg = Debug|Any CPU
		{F5A2588A-FD5E-4ADE-B20F-DDFB8E1CA1C4}.Debug|Any CPU.Build.0 = Debug|Any CPU
		{F5A2588A-FD5E-4ADE-B20F-DDFB8E1CA1C4}.Debug|x64.ActiveCfg = Debug|Any CPU
		{F5A2588A-FD5E-4ADE-B20F-DDFB8E1CA1C4}.Debug|x64.Build.0 = Debug|Any CPU
		{F5A2588A-FD5E-4ADE-B20F-DDFB8E1CA1C4}.Debug|x86.ActiveCfg = Debug|Any CPU
		{F5A2588A-FD5E-4ADE-B20F-DDFB8E1CA1C4}.Debug|x86.Build.0 = Debug|Any CPU
		{F5A2588A-FD5E-4ADE-B20F-DDFB8E1CA1C4}.Release|Any CPU.ActiveCfg = Release|Any CPU
		{F5A2588A-FD5E-4ADE-B20F-DDFB8E1CA1C4}.Release|Any CPU.Build.0 = Release|Any CPU
		{F5A2588A-FD5E-4ADE-B20F-DDFB8E1CA1C4}.Release|x64.ActiveCfg = Release|Any CPU
		{F5A2588A-FD5E-4ADE-B20F-DDFB8E1CA1C4}.Release|x64.Build.0 = Release|Any CPU
		{F5A2588A-FD5E-4ADE-B20F-DDFB8E1CA1C4}.Release|x86.ActiveCfg = Release|Any CPU
		{F5A2588A-FD5E-4ADE-B20F-DDFB8E1CA1C4}.Release|x86.Build.0 = Release|Any CPU
		{EE96E69B-6201-48C9-A904-1CBB8075ADF1}.Debug|Any CPU.ActiveCfg = Debug|Any CPU
		{EE96E69B-6201-48C9-A904-1CBB8075ADF1}.Debug|Any CPU.Build.0 = Debug|Any CPU
		{EE96E69B-6201-48C9-A904-1CBB8075ADF1}.Debug|x64.ActiveCfg = Debug|Any CPU
		{EE96E69B-6201-48C9-A904-1CBB8075ADF1}.Debug|x64.Build.0 = Debug|Any CPU
		{EE96E69B-6201-48C9-A904-1CBB8075ADF1}.Debug|x86.ActiveCfg = Debug|Any CPU
		{EE96E69B-6201-48C9-A904-1CBB8075ADF1}.Debug|x86.Build.0 = Debug|Any CPU
		{EE96E69B-6201-48C9-A904-1CBB8075ADF1}.Release|Any CPU.ActiveCfg = Release|Any CPU
		{EE96E69B-6201-48C9-A904-1CBB8075ADF1}.Release|Any CPU.Build.0 = Release|Any CPU
		{EE96E69B-6201-48C9-A904-1CBB8075ADF1}.Release|x64.ActiveCfg = Release|Any CPU
		{EE96E69B-6201-48C9-A904-1CBB8075ADF1}.Release|x64.Build.0 = Release|Any CPU
		{EE96E69B-6201-48C9-A904-1CBB8075ADF1}.Release|x86.ActiveCfg = Release|Any CPU
		{EE96E69B-6201-48C9-A904-1CBB8075ADF1}.Release|x86.Build.0 = Release|Any CPU
	EndGlobalSection
	GlobalSection(SolutionProperties) = preSolution
		HideSolutionNode = FALSE
	EndGlobalSection
EndGlobal
